
Microsoft Visual Studio Solution File, Format Version 12.00
# Visual Studio Version 16
VisualStudioVersion = 16.0.33027.164
MinimumVisualStudioVersion = 10.0.40219.1
Project("{FAE04EC0-301F-11D3-BF4B-00C04F79EFBC}") = "Console_Dersleri_4", "Console_Dersleri_4\Console_Dersleri_4.csproj", "{F75C489D-DA78-4BA8-B07C-F611BAF9256F}"
EndProject
Global
	GlobalSection(SolutionConfigurationPlatforms) = preSolution
		Debug|Any CPU = Debug|Any CPU
		Release|Any CPU = Release|Any CPU
	EndGlobalSection
	GlobalSection(ProjectConfigurationPlatforms) = postSolution
		{F75C489D-DA78-4BA8-B07C-F611BAF9256F}.Debug|Any CPU.ActiveCfg = Debug|Any CPU
		{F75C489D-DA78-4BA8-B07C-F611BAF9256F}.Debug|Any CPU.Build.0 = Debug|Any CPU
		{F75C489D-DA78-4BA8-B07C-F611BAF9256F}.Release|Any CPU.ActiveCfg = Release|Any CPU
		{F75C489D-DA78-4BA8-B07C-F611BAF9256F}.Release|Any CPU.Build.0 = Release|Any CPU
	EndGlobalSection
	GlobalSection(SolutionProperties) = preSolution
		HideSolutionNode = FALSE
	EndGlobalSection
	GlobalSection(ExtensibilityGlobals) = postSolution
		SolutionGuid = {707D6D4B-4D39-472E-AA54-71DAEE84A4D2}
	EndGlobalSection
EndGlobal
